artifact_type: SCANNER_RESULT
stage_uid: STAGE-01
work_unit_uid: WU-STAGE01-WB01-DASHBOARD-CLEAN-001
scanner_dimension: SOURCE_PROJECTION_LOCK
status: PASS
gaps: []
hidden_defect_total: 0
physical_scanner_owner: .github/governance-source/active/source/09_TESTS/governance/governance_stage1_pipeline_guard.py
physical_scanner_result_digest_basis: 7222ea32f8f8a0698c1a4836e281638279b2c4dc925fe88bfb9697d55041abec
