schema_version: 2
artifact_uid: ACPOS-REPOSITORY-BRANCH-AUTHORITY-LOCK-20260923
status: FINAL_LOCKED
scope: steven-gold/orange-one-ai-viedo-v1.0
authority: EXPLICIT_USER_DECISION_20260923
branches:
  rebuild-v2.1.1:
    role: IMMUTABLE_GOVERNANCE_RULESET
    preserve: true
    gpt_write_policy: FORBIDDEN
    product_execution: FORBIDDEN
    additions: FORBIDDEN
    modifications: FORBIDDEN
    deletions: FORBIDDEN
  governance-v2.2.33-candidate:
    role: GOVERNANCE_REVISION_CANDIDATE
    preserve: true
    gpt_write_policy: ALLOWED_ONLY_FOR_EXACT_SCOPE_USER_AUTHORIZED_GOVERNANCE_REMEDIATION
    authorization_record: https://github.com/steven-gold/orange-one-ai-viedo-v1.0/issues/51
    predecessor_branch: rebuild-v2.1.1
    predecessor_head_sha: c336a76c22a5db65080f749f26875edfa5169457
    product_execution: FORBIDDEN
    product_authority_mutation: FORBIDDEN
    governance_definition_mutation: ALLOWED_WITHIN_AUTHORIZED_SUCCESSOR_SCOPE
    promotion_to_current: FORBIDDEN_UNTIL_FULL_VALIDATION_AND_EXPLICIT_PROMOTION
  0921acpos:
    role: PRODUCT_EXECUTION_WORKLINE
    preserve: true
    gpt_write_policy: ALLOWED_ONLY_FOR_USER_DIRECTED_PRODUCT_EXECUTION
    governance_definition_mutation: FORBIDDEN
  main:
    role: PRODUCTION_PRIMARY_HISTORY
    gpt_write_policy: FORBIDDEN_UNLESS_USER_EXPLICITLY_AUTHORIZES
  new:
    role: PRODUCT_DEVELOPMENT_PRIMARY_HISTORY
    gpt_write_policy: FORBIDDEN_UNLESS_USER_EXPLICITLY_AUTHORIZES
platform_enforcement:
  github_admin_ruleset_available_to_current_connector: false
  repository_internal_guard_is_not_platform_branch_protection: true
