schema_version: 6
current_test_authority:
  version: v2.1.9
  package_sha256: 499aaccab4f38e089b465f98a2785dbef65faf304621db90599bc1dd55a9d24f
  external_trust_root_sha256: 7e3c2e523484a47f02ad45e6e1d8d9ccd6624904c76c67aa5f1856583e012ae1
  semantic_authority_content_hash: 531a364590e47f182f40ac3794d9b30c7ae77678423a53be787ae1cd87c70c2f
lock_state: PREFORMAL_CANDIDATE_READ_ONLY
current_execution:
  page_base_blueprint_completed: true
  visual_base_blueprint_started: false
  blueprint_binding_started: false
current_test_evidence_sync:
  superseded_replay_pending: 0
  human_formal_review: PENDING
github_ci:
  result: PENDING
status: V2_1_9_PREFORMAL_CI_PENDING
