stage_uid: STAGE-01
work_unit_uid: WU-STAGE01-WB01-DASHBOARD-REENTRY-001
governed_unit_uid: workspace:WB-01
governance_uid: GOV-REV-20260928-WORD-DERIVED-STAGE-INTERNAL-VALIDATION
artifact_type: GOVERNANCE_STAGE_LOCK
locked_governance_commit_sha: c353d7bdb5dc7edb43c6c7453517d1df75d54ce8
lock_state: LOCKED_FOR_STAGE01_SUCCESSOR
